// !$*UTF8*$!
{
	archiveVersion = 1;
	classes = {
	};
	objectVersion = 46;
	objects = {

/* Begin PBXBuildFile section */
		CFE8A7C41EB55D44000A4E29 /* impact.ttf in Resources */ = {isa = PBXBuildFile; fileRef = CFE8A7C21EB55BD6000A4E29 /* impact.ttf */; };
		CFF608231EA55725003B0E95 /* AppDelegate.swift in Sources */ = {isa = PBXBuildFile; fileRef = CFF608221EA55725003B0E95 /* AppDelegate.swift */; };
		CFF608251EA55725003B0E95 /* ViewController.swift in Sources */ = {isa = PBXBuildFile; fileRef = CFF608241EA55725003B0E95 /* ViewController.swift */; };
		CFF608281EA55725003B0E95 /* Main.storyboard in Resources */ = {isa = PBXBuildFile; fileRef = CFF608261EA55725003B0E95 /* Main.storyboard */; };
		CFF6082A1EA55725003B0E95 /* Assets.xcassets in Resources */ = {isa = PBXBuildFile; fileRef = CFF608291EA55725003B0E95 /* Assets.xcassets */; };
		CFF6082D1EA55725003B0E95 /* LaunchScreen.storyboard in Resources */ = {isa = PBXBuildFile; fileRef = CFF6082B1EA55725003B0E95 /* LaunchScreen.storyboard */; };
/* End PBXBuildFile section */

/* Begin PBXFileReference section */
		CFE8A7C21EB55BD6000A4E29 /* impact.ttf */ = {isa = PBXFileReference; lastKnownFileType = file; path = impact.ttf; sourceTree = "<group>"; };
		CFF6081F1EA55725003B0E95 /* MemeMe.app */ = {isa = PBXFileReference; explicitFileType = wrapper.application; includeInIndex = 0; path = MemeMe.app; sourceTree = BUILT_PRODUCTS_DIR; };
		CFF608221EA55725003B0E95 /* AppDelegate.swift */ = {isa = PBXFileReference; lastKnownFileType = sourcecode.swift; path = AppDelegate.swift; sourceTree = "<group>"; };
		CFF608241EA55725003B0E95 /* ViewController.swift */ = {isa = PBXFileReference; lastKnownFileType = sourcecode.swift; path = ViewController.swift; sourceTree = "<group>"; };
		CFF608271EA55725003B0E95 /* Base */ = {isa = PBXFileReference; lastKnownFileType = file.storyboard; name = Base; path = Base.lproj/Main.storyboard; sourceTree = "<group>"; };
		CFF608291EA55725003B0E95 /* Assets.xcassets */ = {isa = PBXFileReference; lastKnownFileType = folder.assetcatalog; path = Assets.xcassets; sourceTree = "<group>"; };
		CFF6082C1EA55725003B0E95 /* Base */ = {isa = PBXFileReference; lastKnownFileType = file.storyboard; name = Base; path = Base.lproj/LaunchScreen.storyboard; sourceTree = "<group>"; };
		CFF6082E1EA55725003B0E95 /* Info.plist */ = {isa = PBXFileReference; lastKnownFileType = text.plist.xml; path = Info.plist; sourceTree = "<group>"; };
/* End PBXFileReference section */

/* Begin PBXFrameworksBuildPhase section */
		CFF6081C1EA55724003B0E95 /* Frameworks */ = {
			isa = PBXFrameworksBuildPhase;
			buildActionMask = 2147483647;
			files = (
			);
			runOnlyForDeploymentPostprocessing = 0;
		};
/* End PBXFrameworksBuildPhase section */

/* Begin PBXGroup section */
		CFE8A7C31EB55BE1000A4E29 /* Fonts */ = {
			isa = PBXGroup;
			children = (
				CFE8A7C21EB55BD6000A4E29 /* impact.ttf */,
			);
			name = Fonts;
			sourceTree = "<group>";
		};
		CFF608161EA55724003B0E95 = {
			isa = PBXGroup;
			children = (
				CFF608211EA55725003B0E95 /* MemeMe */,
				CFF608201EA55725003B0E95 /* Products */,
			);
			sourceTree = "<group>";
		};
		CFF608201EA55725003B0E95 /* Products */ = {
			isa = PBXGroup;
			children = (
				CFF6081F1EA55725003B0E95 /* MemeMe.app */,
			);
			name = Products;
			sourceTree = "<group>";
		};
		CFF608211EA55725003B0E95 /* MemeMe */ = {
			isa = PBXGroup;
			children = (
				CFE8A7C31EB55BE1000A4E29 /* Fonts */,
				CFF608221EA55725003B0E95 /* AppDelegate.swift */,
				CFF608241EA55725003B0E95 /* ViewController.swift */,
				CFF608261EA55725003B0E95 /* Main.storyboard */,
				CFF608291EA55725003B0E95 /* Assets.xcassets */,
				CFF6082B1EA55725003B0E95 /* LaunchScreen.storyboard */,
				CFF6082E1EA55725003B0E95 /* Info.plist */,
			);
			path = MemeMe;
			sourceTree = "<group>";
		};
/* End PBXGroup section */

/* Begin PBXNativeTarget section */
		CFF6081E1EA55724003B0E95 /* MemeMe */ = {
			isa = PBXNativeTarget;
			buildConfigurationList = CFF608311EA55725003B0E95 /* Build configuration list for PBXNativeTarget "MemeMe" */;
			buildPhases = (
				CFF6081B1EA55724003B0E95 /* Sources */,
				CFF6081C1EA55724003B0E95 /* Frameworks */,
				CFF6081D1EA55724003B0E95 /* Resources */,
			);
			buildRules = (
			);
			dependencies = (
			);
			name = MemeMe;
			productName = MemeMe;
			productReference = CFF6081F1EA55725003B0E95 /* MemeMe.app */;
			productType = "com.apple.product-type.application";
		};
/* End PBXNativeTarget section */

/* Begin PBXProject section */
		CFF608171EA55724003B0E95 /* Project object */ = {
			isa = PBXProject;
			attributes = {
				LastSwiftUpdateCheck = 0820;
				LastUpgradeCheck = 0820;
				ORGANIZATIONNAME = YTK;
				TargetAttributes = {
					CFF6081E1EA55724003B0E95 = {
						CreatedOnToolsVersion = 8.2.1;
						DevelopmentTeam = UM7C9A659H;
						ProvisioningStyle = Automatic;
					};
				};
			};
			buildConfigurationList = CFF6081A1EA55724003B0E95 /* Build configuration list for PBXProject "MemeMe" */;
			compatibilityVersion = "Xcode 3.2";
			developmentRegion = English;
			hasScannedForEncodings = 0;
			knownRegions = (
				en,
				Base,
			);
			mainGroup = CFF608161EA55724003B0E95;
			productRefGroup = CFF608201EA55725003B0E95 /* Products */;
			projectDirPath = "";
			projectRoot = "";
			targets = (
				CFF6081E1EA55724003B0E95 /* MemeMe */,
			);
		};
/* End PBXProject section */

/* Begin PBXResourcesBuildPhase section */
		CFF6081D1EA55724003B0E95 /* Resources */ = {
			isa = PBXResourcesBuildPhase;
			buildActionMask = 2147483647;
			files = (
				CFE8A7C41EB55D44000A4E29 /* impact.ttf in Resources */,
				CFF6082D1EA55725003B0E95 /* LaunchScreen.storyboard in Resources */,
				CFF6082A1EA55725003B0E95 /* Assets.xcassets in Resources */,
				CFF608281EA55725003B0E95 /* Main.storyboard in Resources */,
			);
			runOnlyForDeploymentPostprocessing = 0;
		};
/* End PBXResourcesBuildPhase section */

/* Begin PBXSourcesBuildPhase section */
		CFF6081B1EA55724003B0E95 /* Sources */ = {
			isa = PBXSourcesBuildPhase;
			buildActionMask = 2147483647;
			files = (
				CFF608251EA55725003B0E95 /* ViewController.swift in Sources */,
				CFF608231EA55725003B0E95 /* AppDelegate.swift in Sources */,
			);
			runOnlyForDeploymentPostprocessing = 0;
		};
/* End PBXSourcesBuildPhase section */

/* Begin PBXVariantGroup section */
		CFF608261EA55725003B0E95 /* Main.storyboard */ = {
			isa = PBXVariantGroup;
			children = (
				CFF608271EA55725003B0E95 /* Base */,
			);
			name = Main.storyboard;
			sourceTree = "<group>";
		};
		CFF6082B1EA55725003B0E95 /* LaunchScreen.storyboard */ = {
			isa = PBXVariantGroup;
			children = (
				CFF6082C1EA55725003B0E95 /* Base */,
			);
			name = LaunchScreen.storyboard;
			sourceTree = "<group>";
		};
/* End PBXVariantGroup section */

/* Begin XCBuildConfiguration section */
		CFF6082F1EA55725003B0E95 /* Debug */ = {
			isa = XCBuildConfiguration;
			buildSettings = {
				ALWAYS_SEARCH_USER_PATHS = NO;
				CLANG_ANALYZER_NONNULL = YES;
				CLANG_CXX_LANGUAGE_STANDARD = "gnu++0x";
				CLANG_CXX_LIBRARY = "libc++";
				CLANG_ENABLE_MODULES = YES;
				CLANG_ENABLE_OBJC_ARC = YES;
				CLANG_WARN_BOOL_CONVERSION = YES;
				CLANG_WARN_CONSTANT_CONVERSION = YES;
				CLANG_WARN_DIRECT_OBJC_ISA_USAGE = YES_ERROR;
				CLANG_WARN_DOCUMENTATION_COMMENTS = YES;
				CLANG_WARN_EMPTY_BODY = YES;
				CLANG_WARN_ENUM_CONVERSION = YES;
				CLANG_WARN_INFINITE_RECURSION = YES;
				CLANG_WARN_INT_CONVERSION = YES;
				CLANG_WARN_OBJC_ROOT_CLASS = YES_ERROR;
				CLANG_WARN_SUSPICIOUS_MOVE = YES;
				CLANG_WARN_UNREACHABLE_CODE = YES;
				CLANG_WARN__DUPLICATE_METHOD_MATCH = YES;
				"CODE_SIGN_IDENTITY[sdk=iphoneos*]" = "iPhone Developer";
				COPY_PHASE_STRIP = NO;
				DEBUG_INFORMATION_FORMAT = dwarf;
				ENABLE_STRICT_OBJC_MSGSEND = YES;
				ENABLE_TESTABILITY = YES;
				GCC_C_LANGUAGE_STANDARD = gnu99;
				GCC_DYNAMIC_NO_PIC = NO;
				GCC_NO_COMMON_BLOCKS = YES;
				GCC_OPTIMIZATION_LEVEL = 0;
				GCC_PREPROCESSOR_DEFINITIONS = (
					"DEBUG=1",
					"$(inherited)",
				);
				GCC_WARN_64_TO_32_BIT_CONVERSION = YES;
				GCC_WARN_ABOUT_RETURN_TYPE = YES_ERROR;
				GCC_WARN_UNDECLARED_SELECTOR = YES;
				GCC_WARN_UNINITIALIZED_AUTOS = YES_AGGRESSIVE;
				GCC_WARN_UNUSED_FUNCTION = YES;
				GCC_WARN_UNUSED_VARIABLE = YES;
				IPHONEOS_DEPLOYMENT_TARGET = 10.2;
				MTL_ENABLE_DEBUG_INFO = YES;
				ONLY_ACTIVE_ARCH = YES;
				SDKROOT = iphoneos;
				SWIFT_ACTIVE_COMPILATION_CONDITIONS = DEBUG;
				SWIFT_OPTIMIZATION_LEVEL = "-Onone";
			};
			name = Debug;
		};
		CFF608301EA55725003B0E95 /* Release */ = {
			isa = XCBuildConfiguration;
			buildSettings = {
				ALWAYS_SEARCH_USER_PATHS = NO;
				CLANG_ANALYZER_NONNULL = YES;
				CLANG_CXX_LANGUAGE_STANDARD = "gnu++0x";
				CLANG_CXX_LIBRARY = "libc++";
				CLANG_ENABLE_MODULES = YES;
				CLANG_ENABLE_OBJC_ARC = YES;
				CLANG_WARN_BOOL_CONVERSION = YES;
				CLANG_WARN_CONSTANT_CONVERSION = YES;
				CLANG_WARN_DIRECT_OBJC_ISA_USAGE = YES_ERROR;
				CLANG_WARN_DOCUMENTATION_COMMENTS = YES;
				CLANG_WARN_EMPTY_BODY = YES;
				CLANG_WARN_ENUM_CONVERSION = YES;
				CLANG_WARN_INFINITE_RECURSION = YES;
				CLANG_WARN_INT_CONVERSION = YES;
				CLANG_WARN_OBJC_ROOT_CLASS = YES_ERROR;
				CLANG_WARN_SUSPICIOUS_MOVE = YES;
				CLANG_WARN_UNREACHABLE_CODE = YES;
				CLANG_WARN__DUPLICATE_METHOD_MATCH = YES;
				"CODE_SIGN_IDENTITY[sdk=iphoneos*]" = "iPhone Developer";
				COPY_PHASE_STRIP = NO;
				DEBUG_INFORMATION_FORMAT = "dwarf-with-dsym";
				ENABLE_NS_ASSERTIONS = NO;
				ENABLE_STRICT_OBJC_MSGSEND = YES;
				GCC_C_LANGUAGE_STANDARD = gnu99;
				GCC_NO_COMMON_BLOCKS = YES;
				GCC_WARN_64_TO_32_BIT_CONVERSION = YES;
				GCC_WARN_ABOUT_RETURN_TYPE = YES_ERROR;
				GCC_WARN_UNDECLARED_SELECTOR = YES;
				GCC_WARN_UNINITIALIZED_AUTOS = YES_AGGRESSIVE;
				GCC_WARN_UNUSED_FUNCTION = YES;
				GCC_WARN_UNUSED_VARIABLE = YES;
				IPHONEOS_DEPLOYMENT_TARGET = 10.2;
				MTL_ENABLE_DEBUG_INFO = NO;
				SDKROOT = iphoneos;
				SWIFT_OPTIMIZATION_LEVEL = "-Owholemodule";
				VALIDATE_PRODUCT = YES;
			};
			name = Release;
		};
		CFF608321EA55725003B0E95 /* Debug */ = {
			isa = XCBuildConfiguration;
			buildSettings = {
				ASSETCATALOG_COMPILER_APPICON_NAME = AppIcon;
				DEVELOPMENT_TEAM = UM7C9A659H;
				INFOPLIST_FILE = MemeMe/Info.plist;
				LD_RUNPATH_SEARCH_PATHS = "$(inherited) @executable_path/Frameworks";
				PRODUCT_BUNDLE_IDENTIFIER = com.ytk.MemeMe;
				PRODUCT_NAME = "$(TARGET_NAME)";
				SWIFT_VERSION = 3.0;
			};
			name = Debug;
		};
		CFF608331EA55725003B0E95 /* Release */ = {
			isa = XCBuildConfiguration;
			buildSettings = {
				ASSETCATALOG_COMPILER_APPICON_NAME = AppIcon;
				DEVELOPMENT_TEAM = UM7C9A659H;
				INFOPLIST_FILE = MemeMe/Info.plist;
				LD_RUNPATH_SEARCH_PATHS = "$(inherited) @executable_path/Frameworks";
				PRODUCT_BUNDLE_IDENTIFIER = com.ytk.MemeMe;
				PRODUCT_NAME = "$(TARGET_NAME)";
				SWIFT_VERSION = 3.0;
			};
			name = Release;
		};
/* End XCBuildConfiguration section */

/* Begin XCConfigurationList section */
		CFF6081A1EA55724003B0E95 /* Build configuration list for PBXProject "MemeMe" */ = {
			isa = XCConfigurationList;
			buildConfigurations = (
				CFF6082F1EA55725003B0E95 /* Debug */,
				CFF608301EA55725003B0E95 /* Release */,
			);
			defaultConfigurationIsVisible = 0;
			defaultConfigurationName = Release;
		};
		CFF608311EA55725003B0E95 /* Build configuration list for PBXNativeTarget "MemeMe" */ = {
			isa = XCConfigurationList;
			buildConfigurations = (
				CFF608321EA55725003B0E95 /* Debug */,
				CFF608331EA55725003B0E95 /* Release */,
			);
			defaultConfigurationIsVisible = 0;
			defaultConfigurationName = Release;
		};
/* End XCConfigurationList section */
	};
	rootObject = CFF608171EA55724003B0E95 /* Project object */;
}
